
Microsoft Visual Studio Solution File, Format Version 12.00
# Visual Studio Version 17
VisualStudioVersion = 17.3.32922.545
MinimumVisualStudioVersion = 10.0.40219.1
Project("{8BC9CEB8-8B4A-11D0-8D11-00A0C91BC942}") = "icp02", "icp02\icp02.vcxproj", "{68F8B409-3943-4E54-B6E5-E0F7779A4388}"
EndProject
Project("{8BC9CEB8-8B4A-11D0-8D11-00A0C91BC942}") = "icp03", "icp03\icp03.vcxproj", "{42D632C0-6960-4EE6-8341-2CC1C0925B07}"
EndProject
Project("{8BC9CEB8-8B4A-11D0-8D11-00A0C91BC942}") = "icp04", "icp04\icp04.vcxproj", "{CCDFC454-FEB9-41D4-89E3-70C602E3E7B2}"
EndProject
Project("{8BC9CEB8-8B4A-11D0-8D11-00A0C91BC942}") = "CV5", "CV5\CV5.vcxproj", "{F513D97D-CA43-4E22-B365-7E3F2E8D2BD8}"
EndProject
Global
	GlobalSection(SolutionConfigurationPlatforms) = preSolution
		Debug|x64 = Debug|x64
		Debug|x86 = Debug|x86
		Release|x64 = Release|x64
		Release|x86 = Release|x86
	EndGlobalSection
	GlobalSection(ProjectConfigurationPlatforms) = postSolution
		{68F8B409-3943-4E54-B6E5-E0F7779A4388}.Debug|x64.ActiveCfg = Debug|x64
		{68F8B409-3943-4E54-B6E5-E0F7779A4388}.Debug|x64.Build.0 = Debug|x64
		{68F8B409-3943-4E54-B6E5-E0F7779A4388}.Debug|x86.ActiveCfg = Debug|Win32
		{68F8B409-3943-4E54-B6E5-E0F7779A4388}.Debug|x86.Build.0 = Debug|Win32
		{68F8B409-3943-4E54-B6E5-E0F7779A4388}.Release|x64.ActiveCfg = Release|x64
		{68F8B409-3943-4E54-B6E5-E0F7779A4388}.Release|x64.Build.0 = Release|x64
		{68F8B409-3943-4E54-B6E5-E0F7779A4388}.Release|x86.ActiveCfg = Release|Win32
		{68F8B409-3943-4E54-B6E5-E0F7779A4388}.Release|x86.Build.0 = Release|Win32
		{42D632C0-6960-4EE6-8341-2CC1C0925B07}.Debug|x64.ActiveCfg = Debug|x64
		{42D632C0-6960-4EE6-8341-2CC1C0925B07}.Debug|x64.Build.0 = Debug|x64
		{42D632C0-6960-4EE6-8341-2CC1C0925B07}.Debug|x86.ActiveCfg = Debug|Win32
		{42D632C0-6960-4EE6-8341-2CC1C0925B07}.Debug|x86.Build.0 = Debug|Win32
		{42D632C0-6960-4EE6-8341-2CC1C0925B07}.Release|x64.ActiveCfg = Release|x64
		{42D632C0-6960-4EE6-8341-2CC1C0925B07}.Release|x64.Build.0 = Release|x64
		{42D632C0-6960-4EE6-8341-2CC1C0925B07}.Release|x86.ActiveCfg = Release|Win32
		{42D632C0-6960-4EE6-8341-2CC1C0925B07}.Release|x86.Build.0 = Release|Win32
		{CCDFC454-FEB9-41D4-89E3-70C602E3E7B2}.Debug|x64.ActiveCfg = Debug|x64
		{CCDFC454-FEB9-41D4-89E3-70C602E3E7B2}.Debug|x64.Build.0 = Debug|x64
		{CCDFC454-FEB9-41D4-89E3-70C602E3E7B2}.Debug|x86.ActiveCfg = Debug|Win32
		{CCDFC454-FEB9-41D4-89E3-70C602E3E7B2}.Debug|x86.Build.0 = Debug|Win32
		{CCDFC454-FEB9-41D4-89E3-70C602E3E7B2}.Release|x64.ActiveCfg = Release|x64
		{CCDFC454-FEB9-41D4-89E3-70C602E3E7B2}.Release|x64.Build.0 = Release|x64
		{CCDFC454-FEB9-41D4-89E3-70C602E3E7B2}.Release|x86.ActiveCfg = Release|Win32
		{CCDFC454-FEB9-41D4-89E3-70C602E3E7B2}.Release|x86.Build.0 = Release|Win32
		{F513D97D-CA43-4E22-B365-7E3F2E8D2BD8}.Debug|x64.ActiveCfg = Debug|x64
		{F513D97D-CA43-4E22-B365-7E3F2E8D2BD8}.Debug|x64.Build.0 = Debug|x64
		{F513D97D-CA43-4E22-B365-7E3F2E8D2BD8}.Debug|x86.ActiveCfg = Debug|Win32
		{F513D97D-CA43-4E22-B365-7E3F2E8D2BD8}.Debug|x86.Build.0 = Debug|Win32
		{F513D97D-CA43-4E22-B365-7E3F2E8D2BD8}.Release|x64.ActiveCfg = Release|x64
		{F513D97D-CA43-4E22-B365-7E3F2E8D2BD8}.Release|x64.Build.0 = Release|x64
		{F513D97D-CA43-4E22-B365-7E3F2E8D2BD8}.Release|x86.ActiveCfg = Release|Win32
		{F513D97D-CA43-4E22-B365-7E3F2E8D2BD8}.Release|x86.Build.0 = Release|Win32
	EndGlobalSection
	GlobalSection(SolutionProperties) = preSolution
		HideSolutionNode = FALSE
	EndGlobalSection
	GlobalSection(ExtensibilityGlobals) = postSolution
		SolutionGuid = {E098BB04-E3E1-4BA9-B3A6-BC55B1618AD2}
	EndGlobalSection
EndGlobal
